
Microsoft Visual Studio Solution File, Format Version 12.00
# Visual Studio Version 17
VisualStudioVersion = 17.8.34330.188
MinimumVisualStudioVersion = 10.0.40219.1
Project("{2150E333-8FDC-42A3-9474-1A3956D46DE8}") = "Engine", "Engine", "{A1B2C3D4-E5F6-7890-ABCD-EF1234567890}"
EndProject
Project("{8BC9CEB8-8B4A-11D0-8D11-00A0C91BC942}") = "Core", "Intermediate\ProjectFiles\Core\Core.vcxproj", "{5EFD0CD9-1A68-41A6-A52A-718C8B192BB5}"
EndProject
Global
	GlobalSection(SolutionConfigurationPlatforms) = preSolution
		Debug|x64 = Debug|x64
		Development|x64 = Development|x64
		Release|x64 = Release|x64
	EndGlobalSection
	GlobalSection(ProjectConfigurationPlatforms) = postSolution
		{5EFD0CD9-1A68-41A6-A52A-718C8B192BB5}.Debug|x64.ActiveCfg = Debug|x64
		{5EFD0CD9-1A68-41A6-A52A-718C8B192BB5}.Debug|x64.Build.0 = Debug|x64
		{5EFD0CD9-1A68-41A6-A52A-718C8B192BB5}.Development|x64.ActiveCfg = Development|x64
		{5EFD0CD9-1A68-41A6-A52A-718C8B192BB5}.Development|x64.Build.0 = Development|x64
		{5EFD0CD9-1A68-41A6-A52A-718C8B192BB5}.Release|x64.ActiveCfg = Release|x64
		{5EFD0CD9-1A68-41A6-A52A-718C8B192BB5}.Release|x64.Build.0 = Release|x64
	EndGlobalSection
	GlobalSection(SolutionProperties) = preSolution
		HideSolutionNode = FALSE
	EndGlobalSection
	GlobalSection(NestedProjects) = preSolution
		{5EFD0CD9-1A68-41A6-A52A-718C8B192BB5} = {A1B2C3D4-E5F6-7890-ABCD-EF1234567890}
	EndGlobalSection
EndGlobal
